// !$*UTF8*$!
{
	archiveVersion = 1;
	classes = {
	};
	objectVersion = 51;
	objects = {

/* Begin PBXBuildFile section */
		05C2C6B92424611C00F86052 /* AppDelegate.swift in Sources */ = {isa = PBXBuildFile; fileRef = 05C2C6B82424611C00F86052 /* AppDelegate.swift */; };
		05C2C6BB2424611C00F86052 /* SceneDelegate.swift in Sources */ = {isa = PBXBuildFile; fileRef = 05C2C6BA2424611C00F86052 /* SceneDelegate.swift */; };
		05C2C6C02424611C00F86052 /* Main.storyboard in Resources */ = {isa = PBXBuildFile; fileRef = 05C2C6BE2424611C00F86052 /* Main.storyboard */; };
		05C2C6C22424611D00F86052 /* Assets.xcassets in Resources */ = {isa = PBXBuildFile; fileRef = 05C2C6C12424611D00F86052 /* Assets.xcassets */; };
		05C2C6C52424611D00F86052 /* LaunchScreen.storyboard in Resources */ = {isa = PBXBuildFile; fileRef = 05C2C6C32424611D00F86052 /* LaunchScreen.storyboard */; };
		05C2C6D02424611D00F86052 /* InstagramTests.swift in Sources */ = {isa = PBXBuildFile; fileRef = 05C2C6CF2424611D00F86052 /* InstagramTests.swift */; };
		05C2C6DB2424611D00F86052 /* InstagramUITests.swift in Sources */ = {isa = PBXBuildFile; fileRef = 05C2C6DA2424611D00F86052 /* InstagramUITests.swift */; };
		05C2C6E92424679A00F86052 /* LoginViewController.swift in Sources */ = {isa = PBXBuildFile; fileRef = 05C2C6E82424679A00F86052 /* LoginViewController.swift */; };
		05C2C6EB242467A800F86052 /* FeedViewController.swift in Sources */ = {isa = PBXBuildFile; fileRef = 05C2C6EA242467A800F86052 /* FeedViewController.swift */; };
		05C2C6ED242472D500F86052 /* CameraViewController.swift in Sources */ = {isa = PBXBuildFile; fileRef = 05C2C6EC242472D500F86052 /* CameraViewController.swift */; };
		05C2C6EF24248EC300F86052 /* postCell.swift in Sources */ = {isa = PBXBuildFile; fileRef = 05C2C6EE24248EC300F86052 /* postCell.swift */; };
		618C64ECA74742E38DB08B05 /* Pods_Instagram.framework in Frameworks */ = {isa = PBXBuildFile; fileRef = 2ACA73757C9B94BAD29D327E /* Pods_Instagram.framework */; };
		C4FC207A236D56CEB638C439 /* Pods_Instagram_InstagramUITests.framework in Frameworks */ = {isa = PBXBuildFile; fileRef = DEED2BDCA59A236B35980F80 /* Pods_Instagram_InstagramUITests.framework */; };
		F3889E1C2644ED15EC7ED382 /* Pods_InstagramTests.framework in Frameworks */ = {isa = PBXBuildFile; fileRef = 7FC016AA5B16371D20BDC06D /* Pods_InstagramTests.framework */; };
/* End PBXBuildFile section */

/* Begin PBXContainerItemProxy section */
		05C2C6CC2424611D00F86052 /* PBXContainerItemProxy */ = {
			isa = PBXContainerItemProxy;
			containerPortal = 05C2C6AD2424611C00F86052 /* Project object */;
			proxyType = 1;
			remoteGlobalIDString = 05C2C6B42424611C00F86052;
			remoteInfo = Instagram;
		};
		05C2C6D72424611D00F86052 /* PBXContainerItemProxy */ = {
			isa = PBXContainerItemProxy;
			containerPortal = 05C2C6AD2424611C00F86052 /* Project object */;
			proxyType = 1;
			remoteGlobalIDString = 05C2C6B42424611C00F86052;
			remoteInfo = Instagram;
		};
/* End PBXContainerItemProxy section */

/* Begin PBXFileReference section */
		05C2C6B52424611C00F86052 /* Instagram.app */ = {isa = PBXFileReference; explicitFileType = wrapper.application; includeInIndex = 0; path = Instagram.app; sourceTree = BUILT_PRODUCTS_DIR; };
		05C2C6B82424611C00F86052 /* AppDelegate.swift */ = {isa = PBXFileReference; lastKnownFileType = sourcecode.swift; path = AppDelegate.swift; sourceTree = "<group>"; };
		05C2C6BA2424611C00F86052 /* SceneDelegate.swift */ = {isa = PBXFileReference; lastKnownFileType = sourcecode.swift; path = SceneDelegate.swift; sourceTree = "<group>"; };
		05C2C6BF2424611C00F86052 /* Base */ = {isa = PBXFileReference; lastKnownFileType = file.storyboard; name = Base; path = Base.lproj/Main.storyboard; sourceTree = "<group>"; };
		05C2C6C12424611D00F86052 /* Assets.xcassets */ = {isa = PBXFileReference; lastKnownFileType = folder.assetcatalog; path = Assets.xcassets; sourceTree = "<group>"; };
		05C2C6C42424611D00F86052 /* Base */ = {isa = PBXFileReference; lastKnownFileType = file.storyboard; name = Base; path = Base.lproj/LaunchScreen.storyboard; sourceTree = "<group>"; };
		05C2C6C62424611D00F86052 /* Info.plist */ = {isa = PBXFileReference; lastKnownFileType = text.plist.xml; path = Info.plist; sourceTree = "<group>"; };
		05C2C6CB2424611D00F86052 /* InstagramTests.xctest */ = {isa = PBXFileReference; explicitFileType = wrapper.cfbundle; includeInIndex = 0; path = InstagramTests.xctest; sourceTree = BUILT_PRODUCTS_DIR; };
		05C2C6CF2424611D00F86052 /* InstagramTests.swift */ = {isa = PBXFileReference; lastKnownFileType = sourcecode.swift; path = InstagramTests.swift; sourceTree = "<group>"; };
		05C2C6D12424611D00F86052 /* Info.plist */ = {isa = PBXFileReference; lastKnownFileType = text.plist.xml; path = Info.plist; sourceTree = "<group>"; };
		05C2C6D62424611D00F86052 /* InstagramUITests.xctest */ = {isa = PBXFileReference; explicitFileType = wrapper.cfbundle; includeInIndex = 0; path = InstagramUITests.xctest; sourceTree = BUILT_PRODUCTS_DIR; };
		05C2C6DA2424611D00F86052 /* InstagramUITests.swift */ = {isa = PBXFileReference; lastKnownFileType = sourcecode.swift; path = InstagramUITests.swift; sourceTree = "<group>"; };
		05C2C6DC2424611D00F86052 /* Info.plist */ = {isa = PBXFileReference; lastKnownFileType = text.plist.xml; path = Info.plist; sourceTree = "<group>"; };
		05C2C6E82424679A00F86052 /* LoginViewController.swift */ = {isa = PBXFileReference; lastKnownFileType = sourcecode.swift; path = LoginViewController.swift; sourceTree = "<group>"; };
		05C2C6EA242467A800F86052 /* FeedViewController.swift */ = {isa = PBXFileReference; lastKnownFileType = sourcecode.swift; path = FeedViewController.swift; sourceTree = "<group>"; };
		05C2C6EC242472D500F86052 /* CameraViewController.swift */ = {isa = PBXFileReference; lastKnownFileType = sourcecode.swift; path = CameraViewController.swift; sourceTree = "<group>"; };
		05C2C6EE24248EC300F86052 /* postCell.swift */ = {isa = PBXFileReference; lastKnownFileType = sourcecode.swift; path = postCell.swift; sourceTree = "<group>"; };
		2ACA73757C9B94BAD29D327E /* Pods_Instagram.framework */ = {isa = PBXFileReference; explicitFileType = wrapper.framework; includeInIndex = 0; path = Pods_Instagram.framework; sourceTree = BUILT_PRODUCTS_DIR; };
		3313D7008790C63F04275026 /* Pods-Instagram-InstagramUITests.release.xcconfig */ = {isa = PBXFileReference; includeInIndex = 1; lastKnownFileType = text.xcconfig; name = "Pods-Instagram-InstagramUITests.release.xcconfig"; path = "Target Support Files/Pods-Instagram-InstagramUITests/Pods-Instagram-InstagramUITests.release.xcconfig"; sourceTree = "<group>"; };
		7FC016AA5B16371D20BDC06D /* Pods_InstagramTests.framework */ = {isa = PBXFileReference; explicitFileType = wrapper.framework; includeInIndex = 0; path = Pods_InstagramTests.framework; sourceTree = BUILT_PRODUCTS_DIR; };
		AB561A142BCF51759209F3F7 /* Pods-Instagram-InstagramUITests.debug.xcconfig */ = {isa = PBXFileReference; includeInIndex = 1; lastKnownFileType = text.xcconfig; name = "Pods-Instagram-InstagramUITests.debug.xcconfig"; path = "Target Support Files/Pods-Instagram-InstagramUITests/Pods-Instagram-InstagramUITests.debug.xcconfig"; sourceTree = "<group>"; };
		C7C7296107583C1A25707D36 /* Pods-InstagramTests.release.xcconfig */ = {isa = PBXFileReference; includeInIndex = 1; lastKnownFileType = text.xcconfig; name = "Pods-InstagramTests.release.xcconfig"; path = "Target Support Files/Pods-InstagramTests/Pods-InstagramTests.release.xcconfig"; sourceTree = "<group>"; };
		CF799370FE86B9CBA38EE79B /* Pods-Instagram.release.xcconfig */ = {isa = PBXFileReference; includeInIndex = 1; lastKnownFileType = text.xcconfig; name = "Pods-Instagram.release.xcconfig"; path = "Target Support Files/Pods-Instagram/Pods-Instagram.release.xcconfig"; sourceTree = "<group>"; };
		D893FE530DEC31AC95971FE1 /* Pods-Instagram.debug.xcconfig */ = {isa = PBXFileReference; includeInIndex = 1; lastKnownFileType = text.xcconfig; name = "Pods-Instagram.debug.xcconfig"; path = "Target Support Files/Pods-Instagram/Pods-Instagram.debug.xcconfig"; sourceTree = "<group>"; };
		DEED2BDCA59A236B35980F80 /* Pods_Instagram_InstagramUITests.framework */ = {isa = PBXFileReference; explicitFileType = wrapper.framework; includeInIndex = 0; path = Pods_Instagram_InstagramUITests.framework; sourceTree = BUILT_PRODUCTS_DIR; };
		E6F36D72EA70E1E6532557CD /* Pods-InstagramTests.debug.xcconfig */ = {isa = PBXFileReference; includeInIndex = 1; lastKnownFileType = text.xcconfig; name = "Pods-InstagramTests.debug.xcconfig"; path = "Target Support Files/Pods-InstagramTests/Pods-InstagramTests.debug.xcconfig"; sourceTree = "<group>"; };
/* End PBXFileReference section */

/* Begin PBXFrameworksBuildPhase section */
		05C2C6B22424611C00F86052 /* Frameworks */ = {
			isa = PBXFrameworksBuildPhase;
			buildActionMask = 2147483647;
			files = (
				618C64ECA74742E38DB08B05 /* Pods_Instagram.framework in Frameworks */,
			);
			runOnlyForDeploymentPostprocessing = 0;
		};
		05C2C6C82424611D00F86052 /* Frameworks */ = {
			isa = PBXFrameworksBuildPhase;
			buildActionMask = 2147483647;
			files = (
				F3889E1C2644ED15EC7ED382 /* Pods_InstagramTests.framework in Frameworks */,
			);
			runOnlyForDeploymentPostprocessing = 0;
		};
		05C2C6D32424611D00F86052 /* Frameworks */ = {
			isa = PBXFrameworksBuildPhase;
			buildActionMask = 2147483647;
			files = (
				C4FC207A236D56CEB638C439 /* Pods_Instagram_InstagramUITests.framework in Frameworks */,
			);
			runOnlyForDeploymentPostprocessing = 0;
		};
/* End PBXFrameworksBuildPhase section */

/* Begin PBXGroup section */
		05C2C6AC2424611C00F86052 = {
			isa = PBXGroup;
			children = (
				05C2C6B72424611C00F86052 /* Instagram */,
				05C2C6CE2424611D00F86052 /* InstagramTests */,
				05C2C6D92424611D00F86052 /* InstagramUITests */,
				05C2C6B62424611C00F86052 /* Products */,
				DD15F36E232BD18F87D479AB /* Pods */,
				AB4622B3F96626BEEC547B70 /* Frameworks */,
			);
			sourceTree = "<group>";
		};
		05C2C6B62424611C00F86052 /* Products */ = {
			isa = PBXGroup;
			children = (
				05C2C6B52424611C00F86052 /* Instagram.app */,
				05C2C6CB2424611D00F86052 /* InstagramTests.xctest */,
				05C2C6D62424611D00F86052 /* InstagramUITests.xctest */,
			);
			name = Products;
			sourceTree = "<group>";
		};
		05C2C6B72424611C00F86052 /* Instagram */ = {
			isa = PBXGroup;
			children = (
				05C2C6B82424611C00F86052 /* AppDelegate.swift */,
				05C2C6E82424679A00F86052 /* LoginViewController.swift */,
				05C2C6EA242467A800F86052 /* FeedViewController.swift */,
				05C2C6EC242472D500F86052 /* CameraViewController.swift */,
				05C2C6EE24248EC300F86052 /* postCell.swift */,
				05C2C6BA2424611C00F86052 /* SceneDelegate.swift */,
				05C2C6BE2424611C00F86052 /* Main.storyboard */,
				05C2C6C12424611D00F86052 /* Assets.xcassets */,
				05C2C6C32424611D00F86052 /* LaunchScreen.storyboard */,
				05C2C6C62424611D00F86052 /* Info.plist */,
			);
			path = Instagram;
			sourceTree = "<group>";
		};
		05C2C6CE2424611D00F86052 /* InstagramTests */ = {
			isa = PBXGroup;
			children = (
				05C2C6CF2424611D00F86052 /* InstagramTests.swift */,
				05C2C6D12424611D00F86052 /* Info.plist */,
			);
			path = InstagramTests;
			sourceTree = "<group>";
		};
		05C2C6D92424611D00F86052 /* InstagramUITests */ = {
			isa = PBXGroup;
			children = (
				05C2C6DA2424611D00F86052 /* InstagramUITests.swift */,
				05C2C6DC2424611D00F86052 /* Info.plist */,
			);
			path = InstagramUITests;
			sourceTree = "<group>";
		};
		AB4622B3F96626BEEC547B70 /* Frameworks */ = {
			isa = PBXGroup;
			children = (
				2ACA73757C9B94BAD29D327E /* Pods_Instagram.framework */,
				DEED2BDCA59A236B35980F80 /* Pods_Instagram_InstagramUITests.framework */,
				7FC016AA5B16371D20BDC06D /* Pods_InstagramTests.framework */,
			);
			name = Frameworks;
			sourceTree = "<group>";
		};
		DD15F36E232BD18F87D479AB /* Pods */ = {
			isa = PBXGroup;
			children = (
				D893FE530DEC31AC95971FE1 /* Pods-Instagram.debug.xcconfig */,
				CF799370FE86B9CBA38EE79B /* Pods-Instagram.release.xcconfig */,
				AB561A142BCF51759209F3F7 /* Pods-Instagram-InstagramUITests.debug.xcconfig */,
				3313D7008790C63F04275026 /* Pods-Instagram-InstagramUITests.release.xcconfig */,
				E6F36D72EA70E1E6532557CD /* Pods-InstagramTests.debug.xcconfig */,
				C7C7296107583C1A25707D36 /* Pods-InstagramTests.release.xcconfig */,
			);
			path = Pods;
			sourceTree = "<group>";
		};
/* End PBXGroup section */

/* Begin PBXNativeTarget section */
		05C2C6B42424611C00F86052 /* Instagram */ = {
			isa = PBXNativeTarget;
			buildConfigurationList = 05C2C6DF2424611D00F86052 /* Build configuration list for PBXNativeTarget "Instagram" */;
			buildPhases = (
				02B64920A5D2408306BC58CB /* [CP] Check Pods Manifest.lock */,
				05C2C6B12424611C00F86052 /* Sources */,
				05C2C6B22424611C00F86052 /* Frameworks */,
				05C2C6B32424611C00F86052 /* Resources */,
				2D2C1788D58164E7970D61D1 /* [CP] Embed Pods Frameworks */,
			);
			buildRules = (
			);
			dependencies = (
			);
			name = Instagram;
			productName = Instagram;
			productReference = 05C2C6B52424611C00F86052 /* Instagram.app */;
			productType = "com.apple.product-type.application";
		};
		05C2C6CA2424611D00F86052 /* InstagramTests */ = {
			isa = PBXNativeTarget;
			buildConfigurationList = 05C2C6E22424611D00F86052 /* Build configuration list for PBXNativeTarget "InstagramTests" */;
			buildPhases = (
				BB00AE0AB59EB399B6C3F734 /* [CP] Check Pods Manifest.lock */,
				05C2C6C72424611D00F86052 /* Sources */,
				05C2C6C82424611D00F86052 /* Frameworks */,
				05C2C6C92424611D00F86052 /* Resources */,
			);
			buildRules = (
			);
			dependencies = (
				05C2C6CD2424611D00F86052 /* PBXTargetDependency */,
			);
			name = InstagramTests;
			productName = InstagramTests;
			productReference = 05C2C6CB2424611D00F86052 /* InstagramTests.xctest */;
			productType = "com.apple.product-type.bundle.unit-test";
		};
		05C2C6D52424611D00F86052 /* InstagramUITests */ = {
			isa = PBXNativeTarget;
			buildConfigurationList = 05C2C6E52424611D00F86052 /* Build configuration list for PBXNativeTarget "InstagramUITests" */;
			buildPhases = (
				4098A984EF038AAE8CA536B1 /* [CP] Check Pods Manifest.lock */,
				05C2C6D22424611D00F86052 /* Sources */,
				05C2C6D32424611D00F86052 /* Frameworks */,
				05C2C6D42424611D00F86052 /* Resources */,
				E5073710E8DB1B4ADF043F54 /* [CP] Embed Pods Frameworks */,
			);
			buildRules = (
			);
			dependencies = (
				05C2C6D82424611D00F86052 /* PBXTargetDependency */,
			);
			name = InstagramUITests;
			productName = InstagramUITests;
			productReference = 05C2C6D62424611D00F86052 /* InstagramUITests.xctest */;
			productType = "com.apple.product-type.bundle.ui-testing";
		};
/* End PBXNativeTarget section */

/* Begin PBXProject section */
		05C2C6AD2424611C00F86052 /* Project object */ = {
			isa = PBXProject;
			attributes = {
				LastSwiftUpdateCheck = 1130;
				LastUpgradeCheck = 1130;
				ORGANIZATIONNAME = "AryanKhadiri@gmail.com";
				TargetAttributes = {
					05C2C6B42424611C00F86052 = {
						CreatedOnToolsVersion = 11.3.1;
					};
					05C2C6CA2424611D00F86052 = {
						CreatedOnToolsVersion = 11.3.1;
						TestTargetID = 05C2C6B42424611C00F86052;
					};
					05C2C6D52424611D00F86052 = {
						CreatedOnToolsVersion = 11.3.1;
						TestTargetID = 05C2C6B42424611C00F86052;
					};
				};
			};
			buildConfigurationList = 05C2C6B02424611C00F86052 /* Build configuration list for PBXProject "Instagram" */;
			compatibilityVersion = "Xcode 9.3";
			developmentRegion = en;
			hasScannedForEncodings = 0;
			knownRegions = (
				en,
				Base,
			);
			mainGroup = 05C2C6AC2424611C00F86052;
			productRefGroup = 05C2C6B62424611C00F86052 /* Products */;
			projectDirPath = "";
			projectRoot = "";
			targets = (
				05C2C6B42424611C00F86052 /* Instagram */,
				05C2C6CA2424611D00F86052 /* InstagramTests */,
				05C2C6D52424611D00F86052 /* InstagramUITests */,
			);
		};
/* End PBXProject section */

/* Begin PBXResourcesBuildPhase section */
		05C2C6B32424611C00F86052 /* Resources */ = {
			isa = PBXResourcesBuildPhase;
			buildActionMask = 2147483647;
			files = (
				05C2C6C52424611D00F86052 /* LaunchScreen.storyboard in Resources */,
				05C2C6C22424611D00F86052 /* Assets.xcassets in Resources */,
				05C2C6C02424611C00F86052 /* Main.storyboard in Resources */,
			);
			runOnlyForDeploymentPostprocessing = 0;
		};
		05C2C6C92424611D00F86052 /* Resources */ = {
			isa = PBXResourcesBuildPhase;
			buildActionMask = 2147483647;
			files = (
			);
			runOnlyForDeploymentPostprocessing = 0;
		};
		05C2C6D42424611D00F86052 /* Resources */ = {
			isa = PBXResourcesBuildPhase;
			buildActionMask = 2147483647;
			files = (
			);
			runOnlyForDeploymentPostprocessing = 0;
		};
/* End PBXResourcesBuildPhase section */

/* Begin PBXShellScriptBuildPhase section */
		02B64920A5D2408306BC58CB /* [CP] Check Pods Manifest.lock */ = {
			isa = PBXShellScriptBuildPhase;
			buildActionMask = 2147483647;
			files = (
			);
			inputFileListPaths = (
			);
			inputPaths = (
				"${PODS_PODFILE_DIR_PATH}/Podfile.lock",
				"${PODS_ROOT}/Manifest.lock",
			);
			name = "[CP] Check Pods Manifest.lock";
			outputFileListPaths = (
			);
			outputPaths = (
				"$(DERIVED_FILE_DIR)/Pods-Instagram-checkManifestLockResult.txt",
			);
			runOnlyForDeploymentPostprocessing = 0;
			shellPath = /bin/sh;
			shellScript = "diff \"${PODS_PODFILE_DIR_PATH}/Podfile.lock\" \"${PODS_ROOT}/Manifest.lock\" > /dev/null\nif [ $? != 0 ] ; then\n    # print error to STDERR\n    echo \"error: The sandbox is not in sync with the Podfile.lock. Run 'pod install' or update your CocoaPods installation.\" >&2\n    exit 1\nfi\n# This output is used by Xcode 'outputs' to avoid re-running this script phase.\necho \"SUCCESS\" > \"${SCRIPT_OUTPUT_FILE_0}\"\n";
			showEnvVarsInLog = 0;
		};
		2D2C1788D58164E7970D61D1 /* [CP] Embed Pods Frameworks */ = {
			isa = PBXShellScriptBuildPhase;
			buildActionMask = 2147483647;
			files = (
			);
			inputFileListPaths = (
				"${PODS_ROOT}/Target Support Files/Pods-Instagram/Pods-Instagram-frameworks-${CONFIGURATION}-input-files.xcfilelist",
			);
			name = "[CP] Embed Pods Frameworks";
			outputFileListPaths = (
				"${PODS_ROOT}/Target Support Files/Pods-Instagram/Pods-Instagram-frameworks-${CONFIGURATION}-output-files.xcfilelist",
			);
			runOnlyForDeploymentPostprocessing = 0;
			shellPath = /bin/sh;
			shellScript = "\"${PODS_ROOT}/Target Support Files/Pods-Instagram/Pods-Instagram-frameworks.sh\"\n";
			showEnvVarsInLog = 0;
		};
		4098A984EF038AAE8CA536B1 /* [CP] Check Pods Manifest.lock */ = {
			isa = PBXShellScriptBuildPhase;
			buildActionMask = 2147483647;
			files = (
			);
			inputFileListPaths = (
			);
			inputPaths = (
				"${PODS_PODFILE_DIR_PATH}/Podfile.lock",
				"${PODS_ROOT}/Manifest.lock",
			);
			name = "[CP] Check Pods Manifest.lock";
			outputFileListPaths = (
			);
			outputPaths = (
				"$(DERIVED_FILE_DIR)/Pods-Instagram-InstagramUITests-checkManifestLockResult.txt",
			);
			runOnlyForDeploymentPostprocessing = 0;
			shellPath = /bin/sh;
			shellScript = "diff \"${PODS_PODFILE_DIR_PATH}/Podfile.lock\" \"${PODS_ROOT}/Manifest.lock\" > /dev/null\nif [ $? != 0 ] ; then\n    # print error to STDERR\n    echo \"error: The sandbox is not in sync with the Podfile.lock. Run 'pod install' or update your CocoaPods installation.\" >&2\n    exit 1\nfi\n# This output is used by Xcode 'outputs' to avoid re-running this script phase.\necho \"SUCCESS\" > \"${SCRIPT_OUTPUT_FILE_0}\"\n";
			showEnvVarsInLog = 0;
		};
		BB00AE0AB59EB399B6C3F734 /* [CP] Check Pods Manifest.lock */ = {
			isa = PBXShellScriptBuildPhase;
			buildActionMask = 2147483647;
			files = (
			);
			inputFileListPaths = (
			);
			inputPaths = (
				"${PODS_PODFILE_DIR_PATH}/Podfile.lock",
				"${PODS_ROOT}/Manifest.lock",
			);
			name = "[CP] Check Pods Manifest.lock";
			outputFileListPaths = (
			);
			outputPaths = (
				"$(DERIVED_FILE_DIR)/Pods-InstagramTests-checkManifestLockResult.txt",
			);
			runOnlyForDeploymentPostprocessing = 0;
			shellPath = /bin/sh;
			shellScript = "diff \"${PODS_PODFILE_DIR_PATH}/Podfile.lock\" \"${PODS_ROOT}/Manifest.lock\" > /dev/null\nif [ $? != 0 ] ; then\n    # print error to STDERR\n    echo \"error: The sandbox is not in sync with the Podfile.lock. Run 'pod install' or update your CocoaPods installation.\" >&2\n    exit 1\nfi\n# This output is used by Xcode 'outputs' to avoid re-running this script phase.\necho \"SUCCESS\" > \"${SCRIPT_OUTPUT_FILE_0}\"\n";
			showEnvVarsInLog = 0;
		};
		E5073710E8DB1B4ADF043F54 /* [CP] Embed Pods Frameworks */ = {
			isa = PBXShellScriptBuildPhase;
			buildActionMask = 2147483647;
			files = (
			);
			inputFileListPaths = (
				"${PODS_ROOT}/Target Support Files/Pods-Instagram-InstagramUITests/Pods-Instagram-InstagramUITests-frameworks-${CONFIGURATION}-input-files.xcfilelist",
			);
			name = "[CP] Embed Pods Frameworks";
			outputFileListPaths = (
				"${PODS_ROOT}/Target Support Files/Pods-Instagram-InstagramUITests/Pods-Instagram-InstagramUITests-frameworks-${CONFIGURATION}-output-files.xcfilelist",
			);
			runOnlyForDeploymentPostprocessing = 0;
			shellPath = /bin/sh;
			shellScript = "\"${PODS_ROOT}/Target Support Files/Pods-Instagram-InstagramUITests/Pods-Instagram-InstagramUITests-frameworks.sh\"\n";
			showEnvVarsInLog = 0;
		};
/* End PBXShellScriptBuildPhase section */

/* Begin PBXSourcesBuildPhase section */
		05C2C6B12424611C00F86052 /* Sources */ = {
			isa = PBXSourcesBuildPhase;
			buildActionMask = 2147483647;
			files = (
				05C2C6E92424679A00F86052 /* LoginViewController.swift in Sources */,
				05C2C6EF24248EC300F86052 /* postCell.swift in Sources */,
				05C2C6ED242472D500F86052 /* CameraViewController.swift in Sources */,
				05C2C6B92424611C00F86052 /* AppDelegate.swift in Sources */,
				05C2C6EB242467A800F86052 /* FeedViewController.swift in Sources */,
				05C2C6BB2424611C00F86052 /* SceneDelegate.swift in Sources */,
			);
			runOnlyForDeploymentPostprocessing = 0;
		};
		05C2C6C72424611D00F86052 /* Sources */ = {
			isa = PBXSourcesBuildPhase;
			buildActionMask = 2147483647;
			files = (
				05C2C6D02424611D00F86052 /* InstagramTests.swift in Sources */,
			);
			runOnlyForDeploymentPostprocessing = 0;
		};
		05C2C6D22424611D00F86052 /* Sources */ = {
			isa = PBXSourcesBuildPhase;
			buildActionMask = 2147483647;
			files = (
				05C2C6DB2424611D00F86052 /* InstagramUITests.swift in Sources */,
			);
			runOnlyForDeploymentPostprocessing = 0;
		};
/* End PBXSourcesBuildPhase section */

/* Begin PBXTargetDependency section */
		05C2C6CD2424611D00F86052 /* PBXTargetDependency */ = {
			isa = PBXTargetDependency;
			target = 05C2C6B42424611C00F86052 /* Instagram */;
			targetProxy = 05C2C6CC2424611D00F86052 /* PBXContainerItemProxy */;
		};
		05C2C6D82424611D00F86052 /* PBXTargetDependency */ = {
			isa = PBXTargetDependency;
			target = 05C2C6B42424611C00F86052 /* Instagram */;
			targetProxy = 05C2C6D72424611D00F86052 /* PBXContainerItemProxy */;
		};
/* End PBXTargetDependency section */

/* Begin PBXVariantGroup section */
		05C2C6BE2424611C00F86052 /* Main.storyboard */ = {
			isa = PBXVariantGroup;
			children = (
				05C2C6BF2424611C00F86052 /* Base */,
			);
			name = Main.storyboard;
			sourceTree = "<group>";
		};
		05C2C6C32424611D00F86052 /* LaunchScreen.storyboard */ = {
			isa = PBXVariantGroup;
			children = (
				05C2C6C42424611D00F86052 /* Base */,
			);
			name = LaunchScreen.storyboard;
			sourceTree = "<group>";
		};
/* End PBXVariantGroup section */

/* Begin XCBuildConfiguration section */
		05C2C6DD2424611D00F86052 /* Debug */ = {
			isa = XCBuildConfiguration;
			buildSettings = {
				ALWAYS_SEARCH_USER_PATHS = NO;
				CLANG_ANALYZER_NONNULL = YES;
				CLANG_ANALYZER_NUMBER_OBJECT_CONVERSION = YES_AGGRESSIVE;
				CLANG_CXX_LANGUAGE_STANDARD = "gnu++14";
				CLANG_CXX_LIBRARY = "libc++";
				CLANG_ENABLE_MODULES = YES;
				CLANG_ENABLE_OBJC_ARC = YES;
				CLANG_ENABLE_OBJC_WEAK = YES;
				CLANG_WARN_BLOCK_CAPTURE_AUTORELEASING = YES;
				CLANG_WARN_BOOL_CONVERSION = YES;
				CLANG_WARN_COMMA = YES;
				CLANG_WARN_CONSTANT_CONVERSION = YES;
				CLANG_WARN_DEPRECATED_OBJC_IMPLEMENTATIONS = YES;
				CLANG_WARN_DIRECT_OBJC_ISA_USAGE = YES_ERROR;
				CLANG_WARN_DOCUMENTATION_COMMENTS = YES;
				CLANG_WARN_EMPTY_BODY = YES;
				CLANG_WARN_ENUM_CONVERSION = YES;
				CLANG_WARN_INFINITE_RECURSION = YES;
				CLANG_WARN_INT_CONVERSION = YES;
				CLANG_WARN_NON_LITERAL_NULL_CONVERSION = YES;
				CLANG_WARN_OBJC_IMPLICIT_RETAIN_SELF = YES;
				CLANG_WARN_OBJC_LITERAL_CONVERSION = YES;
				CLANG_WARN_OBJC_ROOT_CLASS = YES_ERROR;
				CLANG_WARN_RANGE_LOOP_ANALYSIS = YES;
				CLANG_WARN_STRICT_PROTOTYPES = YES;
				CLANG_WARN_SUSPICIOUS_MOVE = YES;
				CLANG_WARN_UNGUARDED_AVAILABILITY = YES_AGGRESSIVE;
				CLANG_WARN_UNREACHABLE_CODE = YES;
				CLANG_WARN__DUPLICATE_METHOD_MATCH = YES;
				COPY_PHASE_STRIP = NO;
				DEBUG_INFORMATION_FORMAT = dwarf;
				ENABLE_STRICT_OBJC_MSGSEND = YES;
				ENABLE_TESTABILITY = YES;
				GCC_C_LANGUAGE_STANDARD = gnu11;
				GCC_DYNAMIC_NO_PIC = NO;
				GCC_NO_COMMON_BLOCKS = YES;
				GCC_OPTIMIZATION_LEVEL = 0;
				GCC_PREPROCESSOR_DEFINITIONS = (
					"DEBUG=1",
					"$(inherited)",
				);
				GCC_WARN_64_TO_32_BIT_CONVERSION = YES;
				GCC_WARN_ABOUT_RETURN_TYPE = YES_ERROR;
				GCC_WARN_UNDECLARED_SELECTOR = YES;
				GCC_WARN_UNINITIALIZED_AUTOS = YES_AGGRESSIVE;
				GCC_WARN_UNUSED_FUNCTION = YES;
				GCC_WARN_UNUSED_VARIABLE = YES;
				IPHONEOS_DEPLOYMENT_TARGET = 13.2;
				MTL_ENABLE_DEBUG_INFO = INCLUDE_SOURCE;
				MTL_FAST_MATH = YES;
				ONLY_ACTIVE_ARCH = YES;
				SDKROOT = iphoneos;
				SWIFT_ACTIVE_COMPILATION_CONDITIONS = DEBUG;
				SWIFT_OPTIMIZATION_LEVEL = "-Onone";
			};
			name = Debug;
		};
		05C2C6DE2424611D00F86052 /* Release */ = {
			isa = XCBuildConfiguration;
			buildSettings = {
				ALWAYS_SEARCH_USER_PATHS = NO;
				CLANG_ANALYZER_NONNULL = YES;
				CLANG_ANALYZER_NUMBER_OBJECT_CONVERSION = YES_AGGRESSIVE;
				CLANG_CXX_LANGUAGE_STANDARD = "gnu++14";
				CLANG_CXX_LIBRARY = "libc++";
				CLANG_ENABLE_MODULES = YES;
				CLANG_ENABLE_OBJC_ARC = YES;
				CLANG_ENABLE_OBJC_WEAK = YES;
				CLANG_WARN_BLOCK_CAPTURE_AUTORELEASING = YES;
				CLANG_WARN_BOOL_CONVERSION = YES;
				CLANG_WARN_COMMA = YES;
				CLANG_WARN_CONSTANT_CONVERSION = YES;
				CLANG_WARN_DEPRECATED_OBJC_IMPLEMENTATIONS = YES;
				CLANG_WARN_DIRECT_OBJC_ISA_USAGE = YES_ERROR;
				CLANG_WARN_DOCUMENTATION_COMMENTS = YES;
				CLANG_WARN_EMPTY_BODY = YES;
				CLANG_WARN_ENUM_CONVERSION = YES;
				CLANG_WARN_INFINITE_RECURSION = YES;
				CLANG_WARN_INT_CONVERSION = YES;
				CLANG_WARN_NON_LITERAL_NULL_CONVERSION = YES;
				CLANG_WARN_OBJC_IMPLICIT_RETAIN_SELF = YES;
				CLANG_WARN_OBJC_LITERAL_CONVERSION = YES;
				CLANG_WARN_OBJC_ROOT_CLASS = YES_ERROR;
				CLANG_WARN_RANGE_LOOP_ANALYSIS = YES;
				CLANG_WARN_STRICT_PROTOTYPES = YES;
				CLANG_WARN_SUSPICIOUS_MOVE = YES;
				CLANG_WARN_UNGUARDED_AVAILABILITY = YES_AGGRESSIVE;
				CLANG_WARN_UNREACHABLE_CODE = YES;
				CLANG_WARN__DUPLICATE_METHOD_MATCH = YES;
				COPY_PHASE_STRIP = NO;
				DEBUG_INFORMATION_FORMAT = "dwarf-with-dsym";
				ENABLE_NS_ASSERTIONS = NO;
				ENABLE_STRICT_OBJC_MSGSEND = YES;
				GCC_C_LANGUAGE_STANDARD = gnu11;
				GCC_NO_COMMON_BLOCKS = YES;
				GCC_WARN_64_TO_32_BIT_CONVERSION = YES;
				GCC_WARN_ABOUT_RETURN_TYPE = YES_ERROR;
				GCC_WARN_UNDECLARED_SELECTOR = YES;
				GCC_WARN_UNINITIALIZED_AUTOS = YES_AGGRESSIVE;
				GCC_WARN_UNUSED_FUNCTION = YES;
				GCC_WARN_UNUSED_VARIABLE = YES;
				IPHONEOS_DEPLOYMENT_TARGET = 13.2;
				MTL_ENABLE_DEBUG_INFO = NO;
				MTL_FAST_MATH = YES;
				SDKROOT = iphoneos;
				SWIFT_COMPILATION_MODE = wholemodule;
				SWIFT_OPTIMIZATION_LEVEL = "-O";
				VALIDATE_PRODUCT = YES;
			};
			name = Release;
		};
		05C2C6E02424611D00F86052 /* Debug */ = {
			isa = XCBuildConfiguration;
			baseConfigurationReference = D893FE530DEC31AC95971FE1 /* Pods-Instagram.debug.xcconfig */;
			buildSettings = {
				ASSETCATALOG_COMPILER_APPICON_NAME = AppIcon;
				CODE_SIGN_STYLE = Automatic;
				DEVELOPMENT_TEAM = TPL4958M2A;
				INFOPLIST_FILE = Instagram/Info.plist;
				IPHONEOS_DEPLOYMENT_TARGET = 13.4;
				LD_RUNPATH_SEARCH_PATHS = (
					"$(inherited)",
					"@executable_path/Frameworks",
				);
				PRODUCT_BUNDLE_IDENTIFIER = aryankhadiricorp.Instagram;
				PRODUCT_NAME = "$(TARGET_NAME)";
				SWIFT_VERSION = 5.0;
				TARGETED_DEVICE_FAMILY = "1,2";
			};
			name = Debug;
		};
		05C2C6E12424611D00F86052 /* Release */ = {
			isa = XCBuildConfiguration;
			baseConfigurationReference = CF799370FE86B9CBA38EE79B /* Pods-Instagram.release.xcconfig */;
			buildSettings = {
				ASSETCATALOG_COMPILER_APPICON_NAME = AppIcon;
				CODE_SIGN_STYLE = Automatic;
				DEVELOPMENT_TEAM = TPL4958M2A;
				INFOPLIST_FILE = Instagram/Info.plist;
				IPHONEOS_DEPLOYMENT_TARGET = 13.4;
				LD_RUNPATH_SEARCH_PATHS = (
					"$(inherited)",
					"@executable_path/Frameworks",
				);
				PRODUCT_BUNDLE_IDENTIFIER = aryankhadiricorp.Instagram;
				PRODUCT_NAME = "$(TARGET_NAME)";
				SWIFT_VERSION = 5.0;
				TARGETED_DEVICE_FAMILY = "1,2";
			};
			name = Release;
		};
		05C2C6E32424611D00F86052 /* Debug */ = {
			isa = XCBuildConfiguration;
			baseConfigurationReference = E6F36D72EA70E1E6532557CD /* Pods-InstagramTests.debug.xcconfig */;
			buildSettings = {
				ALWAYS_EMBED_SWIFT_STANDARD_LIBRARIES = YES;
				BUNDLE_LOADER = "$(TEST_HOST)";
				CODE_SIGN_STYLE = Automatic;
				DEVELOPMENT_TEAM = TPL4958M2A;
				INFOPLIST_FILE = InstagramTests/Info.plist;
				IPHONEOS_DEPLOYMENT_TARGET = 13.2;
				LD_RUNPATH_SEARCH_PATHS = (
					"$(inherited)",
					"@executable_path/Frameworks",
					"@loader_path/Frameworks",
				);
				PRODUCT_BUNDLE_IDENTIFIER = aryankhadiricorp.InstagramTests;
				PRODUCT_NAME = "$(TARGET_NAME)";
				SWIFT_VERSION = 5.0;
				TARGETED_DEVICE_FAMILY = "1,2";
				TEST_HOST = "$(BUILT_PRODUCTS_DIR)/Instagram.app/Instagram";
			};
			name = Debug;
		};
		05C2C6E42424611D00F86052 /* Release */ = {
			isa = XCBuildConfiguration;
			baseConfigurationReference = C7C7296107583C1A25707D36 /* Pods-InstagramTests.release.xcconfig */;
			buildSettings = {
				ALWAYS_EMBED_SWIFT_STANDARD_LIBRARIES = YES;
				BUNDLE_LOADER = "$(TEST_HOST)";
				CODE_SIGN_STYLE = Automatic;
				DEVELOPMENT_TEAM = TPL4958M2A;
				INFOPLIST_FILE = InstagramTests/Info.plist;
				IPHONEOS_DEPLOYMENT_TARGET = 13.2;
				LD_RUNPATH_SEARCH_PATHS = (
					"$(inherited)",
					"@executable_path/Frameworks",
					"@loader_path/Frameworks",
				);
				PRODUCT_BUNDLE_IDENTIFIER = aryankhadiricorp.InstagramTests;
				PRODUCT_NAME = "$(TARGET_NAME)";
				SWIFT_VERSION = 5.0;
				TARGETED_DEVICE_FAMILY = "1,2";
				TEST_HOST = "$(BUILT_PRODUCTS_DIR)/Instagram.app/Instagram";
			};
			name = Release;
		};
		05C2C6E62424611D00F86052 /* Debug */ = {
			isa = XCBuildConfiguration;
			baseConfigurationReference = AB561A142BCF51759209F3F7 /* Pods-Instagram-InstagramUITests.debug.xcconfig */;
			buildSettings = {
				ALWAYS_EMBED_SWIFT_STANDARD_LIBRARIES = YES;
				CODE_SIGN_STYLE = Automatic;
				DEVELOPMENT_TEAM = TPL4958M2A;
				INFOPLIST_FILE = InstagramUITests/Info.plist;
				LD_RUNPATH_SEARCH_PATHS = (
					"$(inherited)",
					"@executable_path/Frameworks",
					"@loader_path/Frameworks",
				);
				PRODUCT_BUNDLE_IDENTIFIER = aryankhadiricorp.InstagramUITests;
				PRODUCT_NAME = "$(TARGET_NAME)";
				SWIFT_VERSION = 5.0;
				TARGETED_DEVICE_FAMILY = "1,2";
				TEST_TARGET_NAME = Instagram;
			};
			name = Debug;
		};
		05C2C6E72424611D00F86052 /* Release */ = {
			isa = XCBuildConfiguration;
			baseConfigurationReference = 3313D7008790C63F04275026 /* Pods-Instagram-InstagramUITests.release.xcconfig */;
			buildSettings = {
				ALWAYS_EMBED_SWIFT_STANDARD_LIBRARIES = YES;
				CODE_SIGN_STYLE = Automatic;
				DEVELOPMENT_TEAM = TPL4958M2A;
				INFOPLIST_FILE = InstagramUITests/Info.plist;
				LD_RUNPATH_SEARCH_PATHS = (
					"$(inherited)",
					"@executable_path/Frameworks",
					"@loader_path/Frameworks",
				);
				PRODUCT_BUNDLE_IDENTIFIER = aryankhadiricorp.InstagramUITests;
				PRODUCT_NAME = "$(TARGET_NAME)";
				SWIFT_VERSION = 5.0;
				TARGETED_DEVICE_FAMILY = "1,2";
				TEST_TARGET_NAME = Instagram;
			};
			name = Release;
		};
/* End XCBuildConfiguration section */

/* Begin XCConfigurationList section */
		05C2C6B02424611C00F86052 /* Build configuration list for PBXProject "Instagram" */ = {
			isa = XCConfigurationList;
			buildConfigurations = (
				05C2C6DD2424611D00F86052 /* Debug */,
				05C2C6DE2424611D00F86052 /* Release */,
			);
			defaultConfigurationIsVisible = 0;
			defaultConfigurationName = Release;
		};
		05C2C6DF2424611D00F86052 /* Build configuration list for PBXNativeTarget "Instagram" */ = {
			isa = XCConfigurationList;
			buildConfigurations = (
				05C2C6E02424611D00F86052 /* Debug */,
				05C2C6E12424611D00F86052 /* Release */,
			);
			defaultConfigurationIsVisible = 0;
			defaultConfigurationName = Release;
		};
		05C2C6E22424611D00F86052 /* Build configuration list for PBXNativeTarget "InstagramTests" */ = {
			isa = XCConfigurationList;
			buildConfigurations = (
				05C2C6E32424611D00F86052 /* Debug */,
				05C2C6E42424611D00F86052 /* Release */,
			);
			defaultConfigurationIsVisible = 0;
			defaultConfigurationName = Release;
		};
		05C2C6E52424611D00F86052 /* Build configuration list for PBXNativeTarget "InstagramUITests" */ = {
			isa = XCConfigurationList;
			buildConfigurations = (
				05C2C6E62424611D00F86052 /* Debug */,
				05C2C6E72424611D00F86052 /* Release */,
			);
			defaultConfigurationIsVisible = 0;
			defaultConfigurationName = Release;
		};
/* End XCConfigurationList section */
	};
	rootObject = 05C2C6AD2424611C00F86052 /* Project object */;
}
